{
  "name": "windowapi_test",
  "version": "1.0.0",
  "lockfileVersion": 2,
  "requires": true,
  "packages": {
    "": {
      "name": "windowapi_test",
      "version": "1.0.0",
      "license": "ISC",
      "dependencies": {
        "webdesktop_windowapi": "^1.0.9"
      }
    },
    "node_modules/webdesktop_windowapi": {
      "version": "1.0.9",
      "resolved": "https://registry.npmjs.org/webdesktop_windowapi/-/webdesktop_windowapi-1.0.9.tgz",
      "integrity": "sha512-q84Auqs9HCjIi1T+Ny8sdCXQq00b4JZqVpiAhMS5vKpQmOMDtkarsgUgSiU0VRhtnAKojXsDENsqNtCXTYbhGw=="
    }
  },
  "dependencies": {
    "webdesktop_windowapi": {
      "version": "1.0.9",
      "resolved": "https://registry.npmjs.org/webdesktop_windowapi/-/webdesktop_windowapi-1.0.9.tgz",
      "integrity": "sha512-q84Auqs9HCjIi1T+Ny8sdCXQq00b4JZqVpiAhMS5vKpQmOMDtkarsgUgSiU0VRhtnAKojXsDENsqNtCXTYbhGw=="
    }
  }
}
