{
  "name": "windowapi_test",
  "version": "1.0.0",
  "lockfileVersion": 2,
  "requires": true,
  "packages": {
    "": {
      "name": "windowapi_test",
      "version": "1.0.0",
      "license": "ISC",
      "dependencies": {
        "webdesktop_windowapi": "^1.0.4"
      }
    },
    "node_modules/typescript": {
      "version": "4.8.4",
      "resolved": "https://registry.npmjs.org/typescript/-/typescript-4.8.4.tgz",
      "integrity": "sha512-QCh+85mCy+h0IGff8r5XWzOVSbBO+KfeYrMQh7NJ58QujwcE22u+NUSmUxqF+un70P9GXKxa2HCNiTTMJknyjQ==",
      "bin": {
        "tsc": "bin/tsc",
        "tsserver": "bin/tsserver"
      },
      "engines": {
        "node": ">=4.2.0"
      }
    },
    "node_modules/webdesktop_windowapi": {
      "version": "1.0.4",
      "resolved": "https://registry.npmjs.org/webdesktop_windowapi/-/webdesktop_windowapi-1.0.4.tgz",
      "integrity": "sha512-UmL3DsTz2Tct0EI4llDOT5cn76wRCq9HJPL92EwQQykscv/4N0PXucdVf3eRLfxg7jtWNTDajW/taCx1l6zbCg==",
      "dependencies": {
        "typescript": "^4.8.4"
      }
    }
  },
  "dependencies": {
    "typescript": {
      "version": "4.8.4",
      "resolved": "https://registry.npmjs.org/typescript/-/typescript-4.8.4.tgz",
      "integrity": "sha512-QCh+85mCy+h0IGff8r5XWzOVSbBO+KfeYrMQh7NJ58QujwcE22u+NUSmUxqF+un70P9GXKxa2HCNiTTMJknyjQ=="
    },
    "webdesktop_windowapi": {
      "version": "1.0.4",
      "resolved": "https://registry.npmjs.org/webdesktop_windowapi/-/webdesktop_windowapi-1.0.4.tgz",
      "integrity": "sha512-UmL3DsTz2Tct0EI4llDOT5cn76wRCq9HJPL92EwQQykscv/4N0PXucdVf3eRLfxg7jtWNTDajW/taCx1l6zbCg==",
      "requires": {
        "typescript": "^4.8.4"
      }
    }
  }
}
